{
  "name": "questory-webapp",
  "lockfileVersion": 2,
  "requires": true,
  "packages": {},
  "dependencies": {
    "react": {
      "version": "^18.2.0"
    },
    "react-dom": {
      "version": "^18.2.0"
    },
    "react-router-dom": {
      "version": "^6.22.3"
    },
    "tailwindcss": {
      "version": "^3.4.1"
    },
    "postcss": {
      "version": "^8.4.38"
    },
    "autoprefixer": {
      "version": "^10.4.17"
    }
  }
}